
Microsoft Visual Studio Solution File, Format Version 12.00
# Visual Studio 15
VisualStudioVersion = 15.0.27004.2008
MinimumVisualStudioVersion = 10.0.40219.1
Project("{FAE04EC0-301F-11D3-BF4B-00C04F79EFBC}") = "DYLeader_Web", "DYLeader_Web\DYLeader_Web.csproj", "{2A7B4CF7-2C2A-48E1-98A1-2AD08FC4403A}"
	ProjectSection(ProjectDependencies) = postProject
		{14CC1517-20CA-417B-BA33-C0907E321B4B} = {14CC1517-20CA-417B-BA33-C0907E321B4B}
		{8F248643-0760-4FAE-939A-186A7C8BE2C1} = {8F248643-0760-4FAE-939A-186A7C8BE2C1}
		{B231CC88-2220-4190-9B8B-9ECF36061738} = {B231CC88-2220-4190-9B8B-9ECF36061738}
		{F55230A4-58A7-4F49-9623-4963D7F20CBE} = {F55230A4-58A7-4F49-9623-4963D7F20CBE}
		{6C1AD3EA-23AB-4BEF-9C12-7C2009E2213D} = {6C1AD3EA-23AB-4BEF-9C12-7C2009E2213D}
	EndProjectSection
EndProject
Project("{FAE04EC0-301F-11D3-BF4B-00C04F79EFBC}") = "SData", "SData\SData.csproj", "{8F248643-0760-4FAE-939A-186A7C8BE2C1}"
EndProject
Project("{FAE04EC0-301F-11D3-BF4B-00C04F79EFBC}") = "SString", "SConstString\SString.csproj", "{F55230A4-58A7-4F49-9623-4963D7F20CBE}"
EndProject
Project("{FAE04EC0-301F-11D3-BF4B-00C04F79EFBC}") = "SEnum", "SEnum\SEnum.csproj", "{B231CC88-2220-4190-9B8B-9ECF36061738}"
EndProject
Project("{FAE04EC0-301F-11D3-BF4B-00C04F79EFBC}") = "SExtension", "SStringExt\SExtension.csproj", "{14CC1517-20CA-417B-BA33-C0907E321B4B}"
EndProject
Project("{FAE04EC0-301F-11D3-BF4B-00C04F79EFBC}") = "DyLeaderAjax", "DyLeaderAjax\DyLeaderAjax.csproj", "{ABEB627B-E1D0-4063-89BD-39462D91AFEF}"
EndProject
Project("{FAE04EC0-301F-11D3-BF4B-00C04F79EFBC}") = "SExcel", "SExcel\SExcel.csproj", "{6C1AD3EA-23AB-4BEF-9C12-7C2009E2213D}"
EndProject
Project("{FAE04EC0-301F-11D3-BF4B-00C04F79EFBC}") = "SWord", "SWord\SWord.csproj", "{79DE3445-0864-4094-889D-4BC10F6C596B}"
EndProject
Global
	GlobalSection(SolutionConfigurationPlatforms) = preSolution
		Debug|Any CPU = Debug|Any CPU
		Release|Any CPU = Release|Any CPU
	EndGlobalSection
	GlobalSection(ProjectConfigurationPlatforms) = postSolution
		{2A7B4CF7-2C2A-48E1-98A1-2AD08FC4403A}.Debug|Any CPU.ActiveCfg = Debug|Any CPU
		{2A7B4CF7-2C2A-48E1-98A1-2AD08FC4403A}.Debug|Any CPU.Build.0 = Debug|Any CPU
		{2A7B4CF7-2C2A-48E1-98A1-2AD08FC4403A}.Release|Any CPU.ActiveCfg = Release|Any CPU
		{2A7B4CF7-2C2A-48E1-98A1-2AD08FC4403A}.Release|Any CPU.Build.0 = Release|Any CPU
		{8F248643-0760-4FAE-939A-186A7C8BE2C1}.Debug|Any CPU.ActiveCfg = Debug|Any CPU
		{8F248643-0760-4FAE-939A-186A7C8BE2C1}.Debug|Any CPU.Build.0 = Debug|Any CPU
		{8F248643-0760-4FAE-939A-186A7C8BE2C1}.Release|Any CPU.ActiveCfg = Release|Any CPU
		{8F248643-0760-4FAE-939A-186A7C8BE2C1}.Release|Any CPU.Build.0 = Release|Any CPU
		{F55230A4-58A7-4F49-9623-4963D7F20CBE}.Debug|Any CPU.ActiveCfg = Debug|Any CPU
		{F55230A4-58A7-4F49-9623-4963D7F20CBE}.Debug|Any CPU.Build.0 = Debug|Any CPU
		{F55230A4-58A7-4F49-9623-4963D7F20CBE}.Release|Any CPU.ActiveCfg = Release|Any CPU
		{F55230A4-58A7-4F49-9623-4963D7F20CBE}.Release|Any CPU.Build.0 = Release|Any CPU
		{B231CC88-2220-4190-9B8B-9ECF36061738}.Debug|Any CPU.ActiveCfg = Debug|Any CPU
		{B231CC88-2220-4190-9B8B-9ECF36061738}.Debug|Any CPU.Build.0 = Debug|Any CPU
		{B231CC88-2220-4190-9B8B-9ECF36061738}.Release|Any CPU.ActiveCfg = Release|Any CPU
		{B231CC88-2220-4190-9B8B-9ECF36061738}.Release|Any CPU.Build.0 = Release|Any CPU
		{14CC1517-20CA-417B-BA33-C0907E321B4B}.Debug|Any CPU.ActiveCfg = Debug|Any CPU
		{14CC1517-20CA-417B-BA33-C0907E321B4B}.Debug|Any CPU.Build.0 = Debug|Any CPU
		{14CC1517-20CA-417B-BA33-C0907E321B4B}.Release|Any CPU.ActiveCfg = Release|Any CPU
		{14CC1517-20CA-417B-BA33-C0907E321B4B}.Release|Any CPU.Build.0 = Release|Any CPU
		{ABEB627B-E1D0-4063-89BD-39462D91AFEF}.Debug|Any CPU.ActiveCfg = Debug|Any CPU
		{ABEB627B-E1D0-4063-89BD-39462D91AFEF}.Debug|Any CPU.Build.0 = Debug|Any CPU
		{ABEB627B-E1D0-4063-89BD-39462D91AFEF}.Release|Any CPU.ActiveCfg = Release|Any CPU
		{ABEB627B-E1D0-4063-89BD-39462D91AFEF}.Release|Any CPU.Build.0 = Release|Any CPU
		{6C1AD3EA-23AB-4BEF-9C12-7C2009E2213D}.Debug|Any CPU.ActiveCfg = Debug|Any CPU
		{6C1AD3EA-23AB-4BEF-9C12-7C2009E2213D}.Debug|Any CPU.Build.0 = Debug|Any CPU
		{6C1AD3EA-23AB-4BEF-9C12-7C2009E2213D}.Release|Any CPU.ActiveCfg = Release|Any CPU
		{6C1AD3EA-23AB-4BEF-9C12-7C2009E2213D}.Release|Any CPU.Build.0 = Release|Any CPU
		{79DE3445-0864-4094-889D-4BC10F6C596B}.Debug|Any CPU.ActiveCfg = Debug|Any CPU
		{79DE3445-0864-4094-889D-4BC10F6C596B}.Debug|Any CPU.Build.0 = Debug|Any CPU
		{79DE3445-0864-4094-889D-4BC10F6C596B}.Release|Any CPU.ActiveCfg = Release|Any CPU
		{79DE3445-0864-4094-889D-4BC10F6C596B}.Release|Any CPU.Build.0 = Release|Any CPU
	EndGlobalSection
	GlobalSection(SolutionProperties) = preSolution
		HideSolutionNode = FALSE
	EndGlobalSection
	GlobalSection(ExtensibilityGlobals) = postSolution
		SolutionGuid = {8E4F1356-67AF-413E-8F41-75534BE7B2AB}
	EndGlobalSection
EndGlobal
